PODS:
  - ActionCableClient (0.2.3):
    - Starscream (~> 2.0.0)
  - JSQMessagesViewController (7.3.4):
    - JSQSystemSoundPlayer (~> 2.0.1)
  - JSQSystemSoundPlayer (2.0.1)
  - Starscream (2.0.4)

DEPENDENCIES:
  - ActionCableClient
  - JSQMessagesViewController

SPEC CHECKSUMS:
  ActionCableClient: c8a466410d31bfa14e7a9c209b539c1e2d026a5f
  JSQMessagesViewController: 39fed975e3c9f8eba7292071e29eeb541d105e66
  JSQSystemSoundPlayer: c5850e77a4363ffd374cd851154b9af93264ed8d
  Starscream: df5974ee928b157c8eda8af8de7c620276b7dfcc

PODFILE CHECKSUM: e1556966906977ca5302bb6b5a87e723e32cd1cc

COCOAPODS: 1.2.0
